<?xml version="1.0" encoding="utf-8"?>
<Project ToolsVersion="4.0" xmlns="http://schemas.microsoft.com/developer/msbuild/2003">
  <ItemGroup>
    <ClCompile Include="Game.cpp">
      <Filter>Core</Filter>
    </ClCompile>
    <ClCompile Include="UserInputComponent.cpp">
      <Filter>Components</Filter>
    </ClCompile>
    <ClCompile Include="Main.cpp">
      <Filter>Core</Filter>
    </ClCompile>
    <ClCompile Include="CombatComponent.cpp">
      <Filter>Combat</Filter>
    </ClCompile>
    <ClCompile Include="MapViewer.cpp">
      <Filter>Map</Filter>
    </ClCompile>
    <ClCompile Include="MapComponent.cpp">
      <Filter>Map</Filter>
    </ClCompile>
    <ClCompile Include="Character.cpp">
      <Filter>Character</Filter>
    </ClCompile>
    <ClCompile Include="StatsModule.cpp">
      <Filter>Character\Stats</Filter>
    </ClCompile>
    <ClCompile Include="EventManager.cpp">
      <Filter>Events</Filter>
    </ClCompile>
    <ClCompile Include="InitializeCharacters.cpp">
      <Filter>Character</Filter>
    </ClCompile>
    <ClCompile Include="Move.cpp">
      <Filter>Character\CharacterResources</Filter>
    </ClCompile>
    <ClCompile Include="EntityMove.cpp">
      <Filter>Combat\Entities\EntityResources</Filter>
    </ClCompile>
    <ClCompile Include="Party.cpp">
      <Filter>Character\CharacterManagement</Filter>
    </ClCompile>
    <ClCompile Include="UiPanel.cpp">
      <Filter>Resources\UI</Filter>
    </ClCompile>
    <ClCompile Include="AssetDatabase.cpp">
      <Filter>Resources\Assets</Filter>
    </ClCompile>
    <ClCompile Include="MusicPlayer.cpp">
      <Filter>Resources\Audio</Filter>
    </ClCompile>
    <ClCompile Include="SfxManager.cpp">
      <Filter>Resources\Audio</Filter>
    </ClCompile>
    <ClCompile Include="TravelInputComponent.cpp">
      <Filter>Components</Filter>
    </ClCompile>
    <ClCompile Include="DialogueInputComponent.cpp">
      <Filter>Components</Filter>
    </ClCompile>
    <ClCompile Include="UiSprite.cpp">
      <Filter>Resources\UI</Filter>
    </ClCompile>
    <ClCompile Include="Button.cpp">
      <Filter>Resources\UI\CoreUI</Filter>
    </ClCompile>
    <ClCompile Include="Rectangle.cpp">
      <Filter>Resources\UI\CoreUI</Filter>
    </ClCompile>
    <ClCompile Include="Text.cpp">
      <Filter>Resources\UI\CoreUI</Filter>
    </ClCompile>
    <ClCompile Include="AnimationPlayer.cpp">
      <Filter>Resources\Assets</Filter>
    </ClCompile>
    <ClCompile Include="AnimationEffectManager.cpp">
      <Filter>Resources\Assets</Filter>
    </ClCompile>
    <ClCompile Include="TravelHudComponent.cpp">
      <Filter>Components</Filter>
    </ClCompile>
    <ClCompile Include="Inventory.cpp">
      <Filter>Inventory</Filter>
    </ClCompile>
    <ClCompile Include="RewardSystem.cpp">
      <Filter>Inventory</Filter>
    </ClCompile>
    <ClCompile Include="EnemyDatabase.cpp">
      <Filter>Resources\Databases</Filter>
    </ClCompile>
    <ClCompile Include="EnemyMoveDatabase.cpp">
      <Filter>Resources\Databases</Filter>
    </ClCompile>
    <ClCompile Include="CharacterMoveDatabase.cpp">
      <Filter>Resources\Databases</Filter>
    </ClCompile>
    <ClCompile Include="CharacterMoveExecutor.cpp">
      <Filter>Character\CharacterResources</Filter>
    </ClCompile>
    <ClCompile Include="CharacterPose.cpp">
      <Filter>Character\CharacterResources</Filter>
    </ClCompile>
    <ClCompile Include="CharacterStatus.cpp">
      <Filter>Character\CharacterResources</Filter>
    </ClCompile>
    <ClCompile Include="MusicManager.cpp">
      <Filter>Resources\Audio</Filter>
    </ClCompile>
    <ClCompile Include="SettingsMenuState.cpp">
      <Filter>States\UIStates</Filter>
    </ClCompile>
    <ClCompile Include="SettingsManager.cpp">
      <Filter>States\UIStates</Filter>
    </ClCompile>
    <ClCompile Include="PauseMenuState.cpp">
      <Filter>States\UIStates</Filter>
    </ClCompile>
    <ClCompile Include="MainMenuState.cpp">
      <Filter>States\UIStates</Filter>
    </ClCompile>
    <ClCompile Include="TravelState.cpp">
      <Filter>States\PlayStates</Filter>
    </ClCompile>
    <ClCompile Include="CombatState.cpp">
      <Filter>States\PlayStates</Filter>
    </ClCompile>
    <ClCompile Include="BonfireState.cpp">
      <Filter>States\PlayStates</Filter>
    </ClCompile>
    <ClCompile Include="State.cpp">
      <Filter>States</Filter>
    </ClCompile>
    <ClCompile Include="MapCore.cpp">
      <Filter>Map</Filter>
    </ClCompile>
    <ClCompile Include="MapDatabase.cpp">
      <Filter>Map</Filter>
    </ClCompile>
    <ClCompile Include="MapTypes.h">
      <Filter>Map</Filter>
    </ClCompile>
    <ClCompile Include="ShopState.cpp">
      <Filter>States\PlayStates</Filter>
    </ClCompile>
    <ClCompile Include="ShopDatabase.cpp">
      <Filter>Resources\Databases</Filter>
    </ClCompile>
    <ClCompile Include="GameFlags.h">
      <Filter>Events</Filter>
    </ClCompile>
    <ClCompile Include="TriggerManager.cpp">
      <Filter>Events</Filter>
    </ClCompile>
    <ClCompile Include="GameTriggers.cpp">
      <Filter>Events</Filter>
    </ClCompile>
    <ClCompile Include="NPC.cpp">
      <Filter>Events</Filter>
    </ClCompile>
    <ClCompile Include="EventFileParser.cpp">
      <Filter>Events\EventLogic</Filter>
    </ClCompile>
    <ClCompile Include="BeatSequencer.cpp">
      <Filter>Events\EventLogic</Filter>
    </ClCompile>
    <ClCompile Include="EmotionDatabase.cpp">
      <Filter>Resources\Databases</Filter>
    </ClCompile>
    <ClCompile Include="InventoryPanel.cpp">
      <Filter>Inventory</Filter>
    </ClCompile>
    <ClCompile Include="SaveManager.cpp">
      <Filter>Resources</Filter>
    </ClCompile>
    <ClCompile Include="SaveSlotState.cpp">
      <Filter>States\UIStates</Filter>
    </ClCompile>
    <ClCompile Include="CharacterUnlockRegistry.cpp">
      <Filter>Character\CharacterManagement</Filter>
    </ClCompile>
    <ClCompile Include="CompanionConversationManager.cpp">
      <Filter>Character\CharacterManagement</Filter>
    </ClCompile>
    <ClCompile Include="IntroState.cpp">
      <Filter>States\PlayStates</Filter>
    </ClCompile>
    <ClCompile Include="Enemy.cpp">
      <Filter>Combat\Entities\Enemies</Filter>
    </ClCompile>
    <ClCompile Include="EnemyMoveExecutor.cpp">
      <Filter>Combat\Entities\Enemies</Filter>
    </ClCompile>
    <ClCompile Include="BossEncounterDatabase.cpp">
      <Filter>Combat\Entities\Bosses</Filter>
    </ClCompile>
    <ClCompile Include="CombatConsole.cpp">
      <Filter>Combat\UI</Filter>
    </ClCompile>
  </ItemGroup>
  <ItemGroup>
    <ClInclude Include="Game.h">
      <Filter>Core</Filter>
    </ClInclude>
    <ClInclude Include="UserInputComponent.h">
      <Filter>Components</Filter>
    </ClInclude>
    <ClInclude Include="CombatComponent.h">
      <Filter>Combat</Filter>
    </ClInclude>
    <ClInclude Include="MapViewer.h">
      <Filter>Map</Filter>
    </ClInclude>
    <ClInclude Include="MapComponent.h">
      <Filter>Map</Filter>
    </ClInclude>
    <ClInclude Include="Character.h">
      <Filter>Character</Filter>
    </ClInclude>
    <ClInclude Include="StatsModule.h">
      <Filter>Character\Stats</Filter>
    </ClInclude>
    <ClInclude Include="EventManager.h">
      <Filter>Events</Filter>
    </ClInclude>
    <ClInclude Include="InitializeCharacters.h">
      <Filter>Character</Filter>
    </ClInclude>
    <ClInclude Include="Move.h">
      <Filter>Character\CharacterResources</Filter>
    </ClInclude>
    <ClInclude Include="EntityMove.h">
      <Filter>Combat\Entities\EntityResources</Filter>
    </ClInclude>
    <ClInclude Include="CharacterManager.h">
      <Filter>Character\CharacterManagement</Filter>
    </ClInclude>
    <ClInclude Include="Party.h">
      <Filter>Character\CharacterManagement</Filter>
    </ClInclude>
    <ClInclude Include="UiPanel.h">
      <Filter>Resources\UI</Filter>
    </ClInclude>
    <ClInclude Include="AssetDatabase.h">
      <Filter>Resources\Assets</Filter>
    </ClInclude>
    <ClInclude Include="Asset.h">
      <Filter>Resources\Assets</Filter>
    </ClInclude>
    <ClInclude Include="MusicPlayer.h">
      <Filter>Resources\Audio</Filter>
    </ClInclude>
    <ClInclude Include="SfxManager.h">
      <Filter>Resources\Audio</Filter>
    </ClInclude>
    <ClInclude Include="TravelInputComponent.h">
      <Filter>Components</Filter>
    </ClInclude>
    <ClInclude Include="DialogueInputComponent.h">
      <Filter>Components</Filter>
    </ClInclude>
    <ClInclude Include="UiSprite.h">
      <Filter>Resources\UI</Filter>
    </ClInclude>
    <ClInclude Include="Button.h">
      <Filter>Resources\UI\CoreUI</Filter>
    </ClInclude>
    <ClInclude Include="Rectangle.h">
      <Filter>Resources\UI\CoreUI</Filter>
    </ClInclude>
    <ClInclude Include="Text.h">
      <Filter>Resources\UI\CoreUI</Filter>
    </ClInclude>
    <ClInclude Include="AnimationPlayer.h">
      <Filter>Resources\Assets</Filter>
    </ClInclude>
    <ClInclude Include="AnimationEffectManager.h">
      <Filter>Resources\Assets</Filter>
    </ClInclude>
    <ClInclude Include="TravelHudComponent.h">
      <Filter>Components</Filter>
    </ClInclude>
    <ClInclude Include="Inventory.h">
      <Filter>Inventory</Filter>
    </ClInclude>
    <ClInclude Include="RewardSystem.h">
      <Filter>Inventory</Filter>
    </ClInclude>
    <ClInclude Include="RewardTypes.h">
      <Filter>Inventory</Filter>
    </ClInclude>
    <ClInclude Include="EnemyDatabase.h">
      <Filter>Resources\Databases</Filter>
    </ClInclude>
    <ClInclude Include="EnemyMoveDatabase.h">
      <Filter>Resources\Databases</Filter>
    </ClInclude>
    <ClInclude Include="CharacterMoveTypes.h">
      <Filter>Character\CharacterResources</Filter>
    </ClInclude>
    <ClInclude Include="CharacterMoveDatabase.h">
      <Filter>Resources\Databases</Filter>
    </ClInclude>
    <ClInclude Include="CharacterMoveExecutor.h">
      <Filter>Character\CharacterResources</Filter>
    </ClInclude>
    <ClInclude Include="CharacterPose.h">
      <Filter>Character\CharacterResources</Filter>
    </ClInclude>
    <ClInclude Include="CharacterStatus.h">
      <Filter>Character\CharacterResources</Filter>
    </ClInclude>
    <ClInclude Include="MusicManager.h">
      <Filter>Resources\Audio</Filter>
    </ClInclude>
    <ClInclude Include="SettingsMenuState.h">
      <Filter>States\UIStates</Filter>
    </ClInclude>
    <ClInclude Include="SettingsManager.h">
      <Filter>States\UIStates</Filter>
    </ClInclude>
    <ClInclude Include="PauseMenuState.h">
      <Filter>States\UIStates</Filter>
    </ClInclude>
    <ClInclude Include="MainMenuState.h">
      <Filter>States\UIStates</Filter>
    </ClInclude>
    <ClInclude Include="TravelState.h">
      <Filter>States\PlayStates</Filter>
    </ClInclude>
    <ClInclude Include="CombatState.h">
      <Filter>States\PlayStates</Filter>
    </ClInclude>
    <ClInclude Include="BonfireState.h">
      <Filter>States\PlayStates</Filter>
    </ClInclude>
    <ClInclude Include="EncounterResult.h">
      <Filter>Combat\Entities</Filter>
    </ClInclude>
    <ClInclude Include="State.h">
      <Filter>States</Filter>
    </ClInclude>
    <ClInclude Include="MapCore.h">
      <Filter>Map</Filter>
    </ClInclude>
    <ClInclude Include="MapDatabase.h">
      <Filter>Map</Filter>
    </ClInclude>
    <ClInclude Include="ShopState.h">
      <Filter>States\PlayStates</Filter>
    </ClInclude>
    <ClInclude Include="ShopDatabase.h">
      <Filter>Resources\Databases</Filter>
    </ClInclude>
    <ClInclude Include="TriggerManager.h">
      <Filter>Events</Filter>
    </ClInclude>
    <ClInclude Include="GameTriggers.h">
      <Filter>Events</Filter>
    </ClInclude>
    <ClInclude Include="NPC.h">
      <Filter>Events</Filter>
    </ClInclude>
    <ClInclude Include="NPCManager.h">
      <Filter>Events</Filter>
    </ClInclude>
    <ClInclude Include="Beat.h">
      <Filter>Events\EventLogic</Filter>
    </ClInclude>
    <ClInclude Include="EventFileParser.h">
      <Filter>Events\EventLogic</Filter>
    </ClInclude>
    <ClInclude Include="BeatSequencer.h">
      <Filter>Events\EventLogic</Filter>
    </ClInclude>
    <ClInclude Include="EmotionDatabase.h">
      <Filter>Resources\Databases</Filter>
    </ClInclude>
    <ClInclude Include="InventoryPanel.h">
      <Filter>Inventory</Filter>
    </ClInclude>
    <ClInclude Include="SaveManager.h">
      <Filter>Resources</Filter>
    </ClInclude>
    <ClInclude Include="SaveSlotState.h">
      <Filter>States\UIStates</Filter>
    </ClInclude>
    <ClInclude Include="CharacterUnlockRegistry.h">
      <Filter>Character\CharacterManagement</Filter>
    </ClInclude>
    <ClInclude Include="CompanionConversationManager.h">
      <Filter>Character\CharacterManagement</Filter>
    </ClInclude>
    <ClInclude Include="IntroState.h">
      <Filter>States\PlayStates</Filter>
    </ClInclude>
    <ClInclude Include="Enemy.h">
      <Filter>Combat\Entities\Enemies</Filter>
    </ClInclude>
    <ClInclude Include="EnemyMoveExecutor.h">
      <Filter>Combat\Entities\Enemies</Filter>
    </ClInclude>
    <ClInclude Include="EnemyTypes.h">
      <Filter>Combat\Entities\Enemies</Filter>
    </ClInclude>
    <ClInclude Include="BossEncounterDatabase.h">
      <Filter>Combat\Entities\Bosses</Filter>
    </ClInclude>
    <ClInclude Include="CombatConsole.h">
      <Filter>Combat\UI</Filter>
    </ClInclude>
  </ItemGroup>
  <ItemGroup>
    <Filter Include="Resources">
      <UniqueIdentifier>{1f3ad11b-c7f1-4438-8e90-d44d5dda9372}</UniqueIdentifier>
    </Filter>
    <Filter Include="Components">
      <UniqueIdentifier>{b642a9a3-ba75-4139-9ba8-a2e5f05b4c17}</UniqueIdentifier>
    </Filter>
    <Filter Include="Combat">
      <UniqueIdentifier>{a25bae97-28ea-4d9a-903b-8ef709bd37e5}</UniqueIdentifier>
    </Filter>
    <Filter Include="Map">
      <UniqueIdentifier>{f0ea415a-c034-468d-b19b-82e743865be1}</UniqueIdentifier>
    </Filter>
    <Filter Include="Character">
      <UniqueIdentifier>{f97525e9-b506-4c74-af78-ca5b21dd1181}</UniqueIdentifier>
    </Filter>
    <Filter Include="Character\Stats">
      <UniqueIdentifier>{5e92c931-a2ba-41ca-af14-c69aae1fcdec}</UniqueIdentifier>
    </Filter>
    <Filter Include="Combat\Entities">
      <UniqueIdentifier>{ec306d54-e317-47a8-b874-c2de0cabf3e7}</UniqueIdentifier>
    </Filter>
    <Filter Include="Combat\Entities\EntityResources">
      <UniqueIdentifier>{0742e55f-005f-4122-9101-6991c3af2e2a}</UniqueIdentifier>
    </Filter>
    <Filter Include="Events">
      <UniqueIdentifier>{f52aaa81-6171-4f17-9b51-dbeeb7ece455}</UniqueIdentifier>
    </Filter>
    <Filter Include="Character\CharacterResources">
      <UniqueIdentifier>{145fed09-300a-414f-a105-fc6aa2d8fbdf}</UniqueIdentifier>
    </Filter>
    <Filter Include="Character\CharacterManagement">
      <UniqueIdentifier>{e6e79a27-b6c9-444c-963d-1103ca118912}</UniqueIdentifier>
    </Filter>
    <Filter Include="Resources\Assets">
      <UniqueIdentifier>{421de0f0-70b5-4f4b-87e8-760e19f4ca29}</UniqueIdentifier>
    </Filter>
    <Filter Include="Resources\UI">
      <UniqueIdentifier>{c7125478-990b-4490-b89c-886e44e777c8}</UniqueIdentifier>
    </Filter>
    <Filter Include="Resources\Audio">
      <UniqueIdentifier>{086c1c7c-28c9-4a16-b5dd-3603b6722241}</UniqueIdentifier>
    </Filter>
    <Filter Include="Resources\UI\CoreUI">
      <UniqueIdentifier>{8ec78b2b-c7dc-4893-892a-70e5d6dbc905}</UniqueIdentifier>
    </Filter>
    <Filter Include="Inventory">
      <UniqueIdentifier>{79c8f958-33f0-4b49-b5af-c572e02dcc75}</UniqueIdentifier>
    </Filter>
    <Filter Include="Resources\Databases">
      <UniqueIdentifier>{f868ef38-1a69-4a2f-943f-2a0443ab4957}</UniqueIdentifier>
    </Filter>
    <Filter Include="Core">
      <UniqueIdentifier>{84355af7-6553-42f9-b993-b401f2a6d294}</UniqueIdentifier>
    </Filter>
    <Filter Include="States">
      <UniqueIdentifier>{5bb6a893-8872-4406-b51d-e59bae97fbd8}</UniqueIdentifier>
    </Filter>
    <Filter Include="States\UIStates">
      <UniqueIdentifier>{eb555ec9-46ba-49bc-8ead-a93d051573f8}</UniqueIdentifier>
    </Filter>
    <Filter Include="States\PlayStates">
      <UniqueIdentifier>{19712dc2-d9c5-4d1c-90ce-baf86ecc531d}</UniqueIdentifier>
    </Filter>
    <Filter Include="Events\EventLogic">
      <UniqueIdentifier>{d2ab432c-99fc-4a85-a730-1e6409d8fbe7}</UniqueIdentifier>
    </Filter>
    <Filter Include="Combat\Entities\Enemies">
      <UniqueIdentifier>{aa354f52-034a-4539-b436-b65b8ec59a62}</UniqueIdentifier>
    </Filter>
    <Filter Include="Combat\Entities\Bosses">
      <UniqueIdentifier>{44a5b4b5-0386-4252-87fd-9e0b69f9705a}</UniqueIdentifier>
    </Filter>
    <Filter Include="Combat\UI">
      <UniqueIdentifier>{41ecc997-58fb-4c69-9cdd-181ab9148281}</UniqueIdentifier>
    </Filter>
  </ItemGroup>
</Project>