<?xml version="1.0" encoding="utf-8"?>
<Project ToolsVersion="4.0" xmlns="http://schemas.microsoft.com/developer/msbuild/2003">
  <ItemGroup>
    <ClCompile Include="State.cpp">
      <Filter>States</Filter>
    </ClCompile>
    <ClCompile Include="Game.cpp">
      <Filter>States</Filter>
    </ClCompile>
    <ClCompile Include="GameState.cpp">
      <Filter>States</Filter>
    </ClCompile>
    <ClCompile Include="Button.cpp">
      <Filter>Resources</Filter>
    </ClCompile>
    <ClCompile Include="Rectangle.cpp">
      <Filter>Resources</Filter>
    </ClCompile>
    <ClCompile Include="MainMenuState.cpp">
      <Filter>PlayStates</Filter>
    </ClCompile>
    <ClCompile Include="TravelState.cpp">
      <Filter>PlayStates</Filter>
    </ClCompile>
    <ClCompile Include="UserInputComponent.cpp">
      <Filter>Components</Filter>
    </ClCompile>
    <ClCompile Include="Text.cpp">
      <Filter>Resources</Filter>
    </ClCompile>
    <ClCompile Include="Main.cpp">
      <Filter>States</Filter>
    </ClCompile>
    <ClCompile Include="CombatComponent.cpp">
      <Filter>Combat</Filter>
    </ClCompile>
    <ClCompile Include="StatsModule.cpp">
      <Filter>Modules</Filter>
    </ClCompile>
    <ClCompile Include="Character.cpp">
      <Filter>Entities</Filter>
    </ClCompile>
    <ClCompile Include="Enemy.cpp">
      <Filter>Entities</Filter>
    </ClCompile>
    <ClCompile Include="ViewerModule.cpp">
      <Filter>Modules</Filter>
    </ClCompile>
    <ClCompile Include="MapViewer.cpp">
      <Filter>Map</Filter>
    </ClCompile>
    <ClCompile Include="MapComponent.cpp">
      <Filter>Map</Filter>
    </ClCompile>
    <ClCompile Include="Move.cpp">
      <Filter>Combat</Filter>
    </ClCompile>
    <ClCompile Include="CombatState.cpp">
      <Filter>PlayStates</Filter>
    </ClCompile>
    <ClCompile Include="CharacterManager.cpp">
      <Filter>Managers</Filter>
    </ClCompile>
    <ClCompile Include="StatsManager.cpp">
      <Filter>Managers</Filter>
    </ClCompile>
    <ClCompile Include="EventManager.cpp">
      <Filter>Managers</Filter>
    </ClCompile>
  </ItemGroup>
  <ItemGroup>
    <ClInclude Include="State.h">
      <Filter>States</Filter>
    </ClInclude>
    <ClInclude Include="Game.h">
      <Filter>States</Filter>
    </ClInclude>
    <ClInclude Include="GameState.h">
      <Filter>States</Filter>
    </ClInclude>
    <ClInclude Include="Button.h">
      <Filter>Resources</Filter>
    </ClInclude>
    <ClInclude Include="Rectangle.h">
      <Filter>Resources</Filter>
    </ClInclude>
    <ClInclude Include="Asset.h">
      <Filter>Resources</Filter>
    </ClInclude>
    <ClInclude Include="MainMenuState.h">
      <Filter>PlayStates</Filter>
    </ClInclude>
    <ClInclude Include="TravelState.h">
      <Filter>PlayStates</Filter>
    </ClInclude>
    <ClInclude Include="UserInputComponent.h">
      <Filter>Components</Filter>
    </ClInclude>
    <ClInclude Include="Text.h">
      <Filter>Resources</Filter>
    </ClInclude>
    <ClInclude Include="CombatComponent.h">
      <Filter>Combat</Filter>
    </ClInclude>
    <ClInclude Include="StatsModule.h">
      <Filter>Modules</Filter>
    </ClInclude>
    <ClInclude Include="Character.h">
      <Filter>Entities</Filter>
    </ClInclude>
    <ClInclude Include="Enemy.h">
      <Filter>Entities</Filter>
    </ClInclude>
    <ClInclude Include="ViewerModule.h">
      <Filter>Modules</Filter>
    </ClInclude>
    <ClInclude Include="MapViewer.h">
      <Filter>Map</Filter>
    </ClInclude>
    <ClInclude Include="MapComponent.h">
      <Filter>Map</Filter>
    </ClInclude>
    <ClInclude Include="Move.h">
      <Filter>Combat</Filter>
    </ClInclude>
    <ClInclude Include="CombatState.h">
      <Filter>PlayStates</Filter>
    </ClInclude>
    <ClInclude Include="CharacterManager.h">
      <Filter>Managers</Filter>
    </ClInclude>
    <ClInclude Include="StatsManager.h">
      <Filter>Managers</Filter>
    </ClInclude>
    <ClInclude Include="EventManager.h">
      <Filter>Managers</Filter>
    </ClInclude>
  </ItemGroup>
  <ItemGroup>
    <Filter Include="States">
      <UniqueIdentifier>{84355af7-6553-42f9-b993-b401f2a6d294}</UniqueIdentifier>
    </Filter>
    <Filter Include="Resources">
      <UniqueIdentifier>{1f3ad11b-c7f1-4438-8e90-d44d5dda9372}</UniqueIdentifier>
    </Filter>
    <Filter Include="PlayStates">
      <UniqueIdentifier>{5bb6a893-8872-4406-b51d-e59bae97fbd8}</UniqueIdentifier>
    </Filter>
    <Filter Include="Components">
      <UniqueIdentifier>{b642a9a3-ba75-4139-9ba8-a2e5f05b4c17}</UniqueIdentifier>
    </Filter>
    <Filter Include="Combat">
      <UniqueIdentifier>{a25bae97-28ea-4d9a-903b-8ef709bd37e5}</UniqueIdentifier>
    </Filter>
    <Filter Include="Modules">
      <UniqueIdentifier>{9850c770-ac1a-4b1d-9fa8-eab73f04c043}</UniqueIdentifier>
    </Filter>
    <Filter Include="Entities">
      <UniqueIdentifier>{b4c5fe12-01fe-4e6a-9d0f-7d5d882d7c89}</UniqueIdentifier>
    </Filter>
    <Filter Include="Map">
      <UniqueIdentifier>{f0ea415a-c034-468d-b19b-82e743865be1}</UniqueIdentifier>
    </Filter>
    <Filter Include="Managers">
      <UniqueIdentifier>{e63af495-d92c-403a-a137-167adf79d95e}</UniqueIdentifier>
    </Filter>
  </ItemGroup>
</Project>